
Microsoft Visual Studio Solution File, Format Version 12.00
# Visual Studio Version 17
VisualStudioVersion = 17.5.002.0
MinimumVisualStudioVersion = 10.0.40219.1
Project("{9A19103F-16F7-4668-BE54-9A1E7A4F7556}") = "TreinamentoMicrosoft", "TreinamentoMicrosoft.csproj", "{CE514B3D-E3A1-4801-A2F2-CD133CF10AEE}"
EndProject
Global
	GlobalSection(SolutionConfigurationPlatforms) = preSolution
		Debug|Any CPU = Debug|Any CPU
		Release|Any CPU = Release|Any CPU
	EndGlobalSection
	GlobalSection(ProjectConfigurationPlatforms) = postSolution
		{CE514B3D-E3A1-4801-A2F2-CD133CF10AEE}.Debug|Any CPU.ActiveCfg = Debug|Any CPU
		{CE514B3D-E3A1-4801-A2F2-CD133CF10AEE}.Debug|Any CPU.Build.0 = Debug|Any CPU
		{CE514B3D-E3A1-4801-A2F2-CD133CF10AEE}.Release|Any CPU.ActiveCfg = Release|Any CPU
		{CE514B3D-E3A1-4801-A2F2-CD133CF10AEE}.Release|Any CPU.Build.0 = Release|Any CPU
	EndGlobalSection
	GlobalSection(SolutionProperties) = preSolution
		HideSolutionNode = FALSE
	EndGlobalSection
	GlobalSection(ExtensibilityGlobals) = postSolution
		SolutionGuid = {55265502-FA24-416E-80C4-4E881400D5C6}
	EndGlobalSection
EndGlobal
